
Microsoft Visual Studio Solution File, Format Version 12.00
# Visual Studio Version 17
VisualStudioVersion = 17.3.32929.385
MinimumVisualStudioVersion = 10.0.40219.1
Project("{FAE04EC0-301F-11D3-BF4B-00C04F79EFBC}") = "PaintProje", "PaintProje\PaintProje.csproj", "{CF28232E-5614-4834-8B18-CFD8350249A0}"
EndProject
Global
	GlobalSection(SolutionConfigurationPlatforms) = preSolution
		Debug|Any CPU = Debug|Any CPU
		Release|Any CPU = Release|Any CPU
	EndGlobalSection
	GlobalSection(ProjectConfigurationPlatforms) = postSolution
		{CF28232E-5614-4834-8B18-CFD8350249A0}.Debug|Any CPU.ActiveCfg = Debug|Any CPU
		{CF28232E-5614-4834-8B18-CFD8350249A0}.Debug|Any CPU.Build.0 = Debug|Any CPU
		{CF28232E-5614-4834-8B18-CFD8350249A0}.Release|Any CPU.ActiveCfg = Release|Any CPU
		{CF28232E-5614-4834-8B18-CFD8350249A0}.Release|Any CPU.Build.0 = Release|Any CPU
	EndGlobalSection
	GlobalSection(SolutionProperties) = preSolution
		HideSolutionNode = FALSE
	EndGlobalSection
	GlobalSection(ExtensibilityGlobals) = postSolution
		SolutionGuid = {B99AA8F7-F04F-47BE-B7F6-B6724EDD5673}
	EndGlobalSection
EndGlobal
